
Microsoft Visual Studio Solution File, Format Version 12.00
Project("{FAE04EC0-301F-11D3-BF4B-00C04F79EFBC}") = "TheSadRogue.Integration", "TheSadRogue.Integration\TheSadRogue.Integration.csproj", "{7A601977-2F4F-40EF-8CB7-FFA1A972A279}"
EndProject
Project("{FAE04EC0-301F-11D3-BF4B-00C04F79EFBC}") = "ExampleGame", "ExampleGame\ExampleGame.csproj", "{C6BF86CB-E04E-4937-843D-13A40C94595E}"
EndProject
Global
	GlobalSection(SolutionConfigurationPlatforms) = preSolution
		Debug|Any CPU = Debug|Any CPU
		Release|Any CPU = Release|Any CPU
	EndGlobalSection
	GlobalSection(ProjectConfigurationPlatforms) = postSolution
		{7A601977-2F4F-40EF-8CB7-FFA1A972A279}.Debug|Any CPU.ActiveCfg = Debug|Any CPU
		{7A601977-2F4F-40EF-8CB7-FFA1A972A279}.Debug|Any CPU.Build.0 = Debug|Any CPU
		{7A601977-2F4F-40EF-8CB7-FFA1A972A279}.Release|Any CPU.ActiveCfg = Release|Any CPU
		{7A601977-2F4F-40EF-8CB7-FFA1A972A279}.Release|Any CPU.Build.0 = Release|Any CPU
		{C6BF86CB-E04E-4937-843D-13A40C94595E}.Debug|Any CPU.ActiveCfg = Debug|Any CPU
		{C6BF86CB-E04E-4937-843D-13A40C94595E}.Debug|Any CPU.Build.0 = Debug|Any CPU
		{C6BF86CB-E04E-4937-843D-13A40C94595E}.Release|Any CPU.ActiveCfg = Release|Any CPU
		{C6BF86CB-E04E-4937-843D-13A40C94595E}.Release|Any CPU.Build.0 = Release|Any CPU
	EndGlobalSection
EndGlobal
