
Microsoft Visual Studio Solution File, Format Version 12.00
Project("{FAE04EC0-301F-11D3-BF4B-00C04F79EFBC}") = "TheSadRogue.Integration", "TheSadRogue.Integration\TheSadRogue.Integration.csproj", "{7A601977-2F4F-40EF-8CB7-FFA1A972A279}"
EndProject
Project("{FAE04EC0-301F-11D3-BF4B-00C04F79EFBC}") = "ExampleGame", "ExampleGame\ExampleGame.csproj", "{C6BF86CB-E04E-4937-843D-13A40C94595E}"
EndProject
Project("{FAE04EC0-301F-11D3-BF4B-00C04F79EFBC}") = "TheSadRogue.Integration.Tests", "TheSadRogue.Integration.Tests\TheSadRogue.Integration.Tests.csproj", "{319C084E-83EC-43D4-8C1C-44D7C33E9092}"
EndProject
Project("{FAE04EC0-301F-11D3-BF4B-00C04F79EFBC}") = "TheSadRogue.Integration.Templates", "TheSadRogue.Integration.Templates\TheSadRogue.Integration.Templates.csproj", "{2DF5552B-5C6E-4DA9-9158-5DCBEA153520}"
EndProject
Project("{FAE04EC0-301F-11D3-BF4B-00C04F79EFBC}") = "TheSadRogue.Integration.Templates.MonoGame", "TheSadRogue.Integration.Templates\template_code\Integration.Project.MonoGame.CSharp\TheSadRogue.Integration.Templates.MonoGame.csproj", "{17E6C102-20F2-48AB-9E75-F1E6BB0DF19D}"
EndProject
Project("{FAE04EC0-301F-11D3-BF4B-00C04F79EFBC}") = "TheSadRogue.Integration.Templates.SFML", "TheSadRogue.Integration.Templates\template_code\Integration.Project.SFML.CSharp\TheSadRogue.Integration.Templates.SFML.csproj", "{788C1A70-ABB8-4699-98A1-9C654ADCF6D4}"
EndProject
Global
	GlobalSection(SolutionConfigurationPlatforms) = preSolution
		Debug|Any CPU = Debug|Any CPU
		Release|Any CPU = Release|Any CPU
	EndGlobalSection
	GlobalSection(ProjectConfigurationPlatforms) = postSolution
		{7A601977-2F4F-40EF-8CB7-FFA1A972A279}.Debug|Any CPU.ActiveCfg = Debug|Any CPU
		{7A601977-2F4F-40EF-8CB7-FFA1A972A279}.Debug|Any CPU.Build.0 = Debug|Any CPU
		{7A601977-2F4F-40EF-8CB7-FFA1A972A279}.Release|Any CPU.ActiveCfg = Release|Any CPU
		{7A601977-2F4F-40EF-8CB7-FFA1A972A279}.Release|Any CPU.Build.0 = Release|Any CPU
		{C6BF86CB-E04E-4937-843D-13A40C94595E}.Debug|Any CPU.ActiveCfg = Debug|Any CPU
		{C6BF86CB-E04E-4937-843D-13A40C94595E}.Debug|Any CPU.Build.0 = Debug|Any CPU
		{C6BF86CB-E04E-4937-843D-13A40C94595E}.Release|Any CPU.ActiveCfg = Release|Any CPU
		{C6BF86CB-E04E-4937-843D-13A40C94595E}.Release|Any CPU.Build.0 = Release|Any CPU
		{319C084E-83EC-43D4-8C1C-44D7C33E9092}.Debug|Any CPU.ActiveCfg = Debug|Any CPU
		{319C084E-83EC-43D4-8C1C-44D7C33E9092}.Debug|Any CPU.Build.0 = Debug|Any CPU
		{319C084E-83EC-43D4-8C1C-44D7C33E9092}.Release|Any CPU.ActiveCfg = Release|Any CPU
		{319C084E-83EC-43D4-8C1C-44D7C33E9092}.Release|Any CPU.Build.0 = Release|Any CPU
		{2DF5552B-5C6E-4DA9-9158-5DCBEA153520}.Debug|Any CPU.ActiveCfg = Debug|Any CPU
		{2DF5552B-5C6E-4DA9-9158-5DCBEA153520}.Debug|Any CPU.Build.0 = Debug|Any CPU
		{2DF5552B-5C6E-4DA9-9158-5DCBEA153520}.Release|Any CPU.ActiveCfg = Release|Any CPU
		{2DF5552B-5C6E-4DA9-9158-5DCBEA153520}.Release|Any CPU.Build.0 = Release|Any CPU
		{17E6C102-20F2-48AB-9E75-F1E6BB0DF19D}.Debug|Any CPU.ActiveCfg = Debug|Any CPU
		{17E6C102-20F2-48AB-9E75-F1E6BB0DF19D}.Debug|Any CPU.Build.0 = Debug|Any CPU
		{17E6C102-20F2-48AB-9E75-F1E6BB0DF19D}.Release|Any CPU.ActiveCfg = Release|Any CPU
		{17E6C102-20F2-48AB-9E75-F1E6BB0DF19D}.Release|Any CPU.Build.0 = Release|Any CPU
		{788C1A70-ABB8-4699-98A1-9C654ADCF6D4}.Debug|Any CPU.ActiveCfg = Debug|Any CPU
		{788C1A70-ABB8-4699-98A1-9C654ADCF6D4}.Debug|Any CPU.Build.0 = Debug|Any CPU
		{788C1A70-ABB8-4699-98A1-9C654ADCF6D4}.Release|Any CPU.ActiveCfg = Release|Any CPU
		{788C1A70-ABB8-4699-98A1-9C654ADCF6D4}.Release|Any CPU.Build.0 = Release|Any CPU
	EndGlobalSection
EndGlobal
